
Microsoft Visual Studio Solution File, Format Version 12.00
# Visual Studio Version 16
VisualStudioVersion = 16.0.30907.101
MinimumVisualStudioVersion = 10.0.40219.1
Project("{FAE04EC0-301F-11D3-BF4B-00C04F79EFBC}") = "GiocoTris", "GiocoTris\GiocoTris.csproj", "{2DC1C80C-DEF3-49DA-9946-F0B0A85B3EB9}"
EndProject
Global
	GlobalSection(SolutionConfigurationPlatforms) = preSolution
		Debug|Any CPU = Debug|Any CPU
		Release|Any CPU = Release|Any CPU
	EndGlobalSection
	GlobalSection(ProjectConfigurationPlatforms) = postSolution
		{2DC1C80C-DEF3-49DA-9946-F0B0A85B3EB9}.Debug|Any CPU.ActiveCfg = Debug|Any CPU
		{2DC1C80C-DEF3-49DA-9946-F0B0A85B3EB9}.Debug|Any CPU.Build.0 = Debug|Any CPU
		{2DC1C80C-DEF3-49DA-9946-F0B0A85B3EB9}.Release|Any CPU.ActiveCfg = Release|Any CPU
		{2DC1C80C-DEF3-49DA-9946-F0B0A85B3EB9}.Release|Any CPU.Build.0 = Release|Any CPU
	EndGlobalSection
	GlobalSection(SolutionProperties) = preSolution
		HideSolutionNode = FALSE
	EndGlobalSection
	GlobalSection(ExtensibilityGlobals) = postSolution
		SolutionGuid = {7CD2CB3C-CEA0-49DC-9E3C-AF198B82FB08}
	EndGlobalSection
EndGlobal
